
Microsoft Visual Studio Solution File, Format Version 12.00
# Visual Studio Version 16
VisualStudioVersion = 16.0.31205.134
MinimumVisualStudioVersion = 10.0.40219.1
Project("{FAE04EC0-301F-11D3-BF4B-00C04F79EFBC}") = "ASP_Project", "ASP_Project\ASP_Project.csproj", "{5227D551-8E96-49D3-8DD8-8E0D6131FC1B}"
EndProject
Global
	GlobalSection(SolutionConfigurationPlatforms) = preSolution
		Debug|Any CPU = Debug|Any CPU
		Release|Any CPU = Release|Any CPU
	EndGlobalSection
	GlobalSection(ProjectConfigurationPlatforms) = postSolution
		{5227D551-8E96-49D3-8DD8-8E0D6131FC1B}.Debug|Any CPU.ActiveCfg = Debug|Any CPU
		{5227D551-8E96-49D3-8DD8-8E0D6131FC1B}.Debug|Any CPU.Build.0 = Debug|Any CPU
		{5227D551-8E96-49D3-8DD8-8E0D6131FC1B}.Release|Any CPU.ActiveCfg = Release|Any CPU
		{5227D551-8E96-49D3-8DD8-8E0D6131FC1B}.Release|Any CPU.Build.0 = Release|Any CPU
	EndGlobalSection
	GlobalSection(SolutionProperties) = preSolution
		HideSolutionNode = FALSE
	EndGlobalSection
	GlobalSection(ExtensibilityGlobals) = postSolution
		SolutionGuid = {FEE86F79-E9F4-4E68-B88A-D3189B816B7C}
	EndGlobalSection
EndGlobal
